
Microsoft Visual Studio Solution File, Format Version 12.00
# Visual Studio 15
VisualStudioVersion = 15.0.27703.2035
MinimumVisualStudioVersion = 10.0.40219.1
Project("{FAE04EC0-301F-11D3-BF4B-00C04F79EFBC}") = "Redditv2", "Redditv2\Redditv2.csproj", "{C29D7110-4C57-42CB-B856-40703D6BE364}"
EndProject
Global
	GlobalSection(SolutionConfigurationPlatforms) = preSolution
		Debug|Any CPU = Debug|Any CPU
		Release|Any CPU = Release|Any CPU
	EndGlobalSection
	GlobalSection(ProjectConfigurationPlatforms) = postSolution
		{C29D7110-4C57-42CB-B856-40703D6BE364}.Debug|Any CPU.ActiveCfg = Debug|Any CPU
		{C29D7110-4C57-42CB-B856-40703D6BE364}.Debug|Any CPU.Build.0 = Debug|Any CPU
		{C29D7110-4C57-42CB-B856-40703D6BE364}.Release|Any CPU.ActiveCfg = Release|Any CPU
		{C29D7110-4C57-42CB-B856-40703D6BE364}.Release|Any CPU.Build.0 = Release|Any CPU
	EndGlobalSection
	GlobalSection(SolutionProperties) = preSolution
		HideSolutionNode = FALSE
	EndGlobalSection
	GlobalSection(ExtensibilityGlobals) = postSolution
		SolutionGuid = {C40E8B72-0158-4AD9-A823-92C6051FBD33}
	EndGlobalSection
EndGlobal
