
Microsoft Visual Studio Solution File, Format Version 12.00
# Visual Studio 15
VisualStudioVersion = 15.0.27703.2035
MinimumVisualStudioVersion = 10.0.40219.1
Project("{FAE04EC0-301F-11D3-BF4B-00C04F79EFBC}") = "Greet", "Greet\Greet.csproj", "{CD0F4DB1-7830-4FD8-9409-0A3790EE85F8}"
EndProject
Global
	GlobalSection(SolutionConfigurationPlatforms) = preSolution
		Debug|Any CPU = Debug|Any CPU
		Release|Any CPU = Release|Any CPU
	EndGlobalSection
	GlobalSection(ProjectConfigurationPlatforms) = postSolution
		{CD0F4DB1-7830-4FD8-9409-0A3790EE85F8}.Debug|Any CPU.ActiveCfg = Debug|Any CPU
		{CD0F4DB1-7830-4FD8-9409-0A3790EE85F8}.Debug|Any CPU.Build.0 = Debug|Any CPU
		{CD0F4DB1-7830-4FD8-9409-0A3790EE85F8}.Release|Any CPU.ActiveCfg = Release|Any CPU
		{CD0F4DB1-7830-4FD8-9409-0A3790EE85F8}.Release|Any CPU.Build.0 = Release|Any CPU
	EndGlobalSection
	GlobalSection(SolutionProperties) = preSolution
		HideSolutionNode = FALSE
	EndGlobalSection
	GlobalSection(ExtensibilityGlobals) = postSolution
		SolutionGuid = {EBCB3857-28B4-433E-A19A-2F65BE0FD8BB}
	EndGlobalSection
EndGlobal
